{
  "name": "vue-api-project-harvey-jiang",
  "lockfileVersion": 2,
  "requires": true,
  "packages": {
    "": {
      "dependencies": {
        "hooper": "^0.3.4",
        "vue-aos": "^2.3.0"
      }
    },
    "node_modules/hooper": {
      "version": "0.3.4",
      "resolved": "https://registry.npmjs.org/hooper/-/hooper-0.3.4.tgz",
      "integrity": "sha512-hV1c+MCiCfVjltdvZIgTrGYHInvhKiNLVNOT/hRWbfjZNIS9H6F6ZUPeaxhxrYkjsEL96Z0RIs+4YPoBqrrrHQ=="
    },
    "node_modules/vue": {
      "version": "2.6.14",
      "resolved": "https://registry.npmjs.org/vue/-/vue-2.6.14.tgz",
      "integrity": "sha512-x2284lgYvjOMj3Za7kqzRcUSxBboHqtgRE2zlos1qWaOye5yUmHn42LB1250NJBLRwEcdrB0JRwyPTEPhfQjiQ==",
      "peer": true
    },
    "node_modules/vue-aos": {
      "version": "2.3.0",
      "resolved": "https://registry.npmjs.org/vue-aos/-/vue-aos-2.3.0.tgz",
      "integrity": "sha512-iYJklZtqFZj+C87LL/Q0TLDsSlotMRCYD412m2bUP95juZ2grChp3s9q7nvw6hSapZvw7oe2YBiX8/A/YyuDOA==",
      "peerDependencies": {
        "vue": "^2.6.10"
      }
    }
  },
  "dependencies": {
    "hooper": {
      "version": "0.3.4",
      "resolved": "https://registry.npmjs.org/hooper/-/hooper-0.3.4.tgz",
      "integrity": "sha512-hV1c+MCiCfVjltdvZIgTrGYHInvhKiNLVNOT/hRWbfjZNIS9H6F6ZUPeaxhxrYkjsEL96Z0RIs+4YPoBqrrrHQ=="
    },
    "vue": {
      "version": "2.6.14",
      "resolved": "https://registry.npmjs.org/vue/-/vue-2.6.14.tgz",
      "integrity": "sha512-x2284lgYvjOMj3Za7kqzRcUSxBboHqtgRE2zlos1qWaOye5yUmHn42LB1250NJBLRwEcdrB0JRwyPTEPhfQjiQ==",
      "peer": true
    },
    "vue-aos": {
      "version": "2.3.0",
      "resolved": "https://registry.npmjs.org/vue-aos/-/vue-aos-2.3.0.tgz",
      "integrity": "sha512-iYJklZtqFZj+C87LL/Q0TLDsSlotMRCYD412m2bUP95juZ2grChp3s9q7nvw6hSapZvw7oe2YBiX8/A/YyuDOA==",
      "requires": {}
    }
  }
}
