{
  "name": "vue-api-project-harvey-jiang",
  "lockfileVersion": 2,
  "requires": true,
  "packages": {
    "": {
      "dependencies": {
        "hooper": "^0.3.4"
      }
    },
    "node_modules/hooper": {
      "version": "0.3.4",
      "resolved": "https://registry.npmjs.org/hooper/-/hooper-0.3.4.tgz",
      "integrity": "sha512-hV1c+MCiCfVjltdvZIgTrGYHInvhKiNLVNOT/hRWbfjZNIS9H6F6ZUPeaxhxrYkjsEL96Z0RIs+4YPoBqrrrHQ=="
    }
  },
  "dependencies": {
    "hooper": {
      "version": "0.3.4",
      "resolved": "https://registry.npmjs.org/hooper/-/hooper-0.3.4.tgz",
      "integrity": "sha512-hV1c+MCiCfVjltdvZIgTrGYHInvhKiNLVNOT/hRWbfjZNIS9H6F6ZUPeaxhxrYkjsEL96Z0RIs+4YPoBqrrrHQ=="
    }
  }
}
