{
  "name": "vue-api-project-harvey-jiang",
  "lockfileVersion": 2,
  "requires": true,
  "packages": {
    "": {
      "dependencies": {
        "vue-burger-menu": "^2.0.5",
        "vue2-animate": "^2.1.4"
      }
    },
    "node_modules/vue": {
      "version": "2.6.14",
      "resolved": "https://registry.npmjs.org/vue/-/vue-2.6.14.tgz",
      "integrity": "sha512-x2284lgYvjOMj3Za7kqzRcUSxBboHqtgRE2zlos1qWaOye5yUmHn42LB1250NJBLRwEcdrB0JRwyPTEPhfQjiQ=="
    },
    "node_modules/vue-burger-menu": {
      "version": "2.0.5",
      "resolved": "https://registry.npmjs.org/vue-burger-menu/-/vue-burger-menu-2.0.5.tgz",
      "integrity": "sha512-j0zM3gOTNv5rtIfVGIc0F0Ff5iUGQk7vLRBRkHLC2Jsv+4WL8BFqSBii+VzfIlqIQed7v0zqWueJLYxe9YwjmQ==",
      "dependencies": {
        "vue": "^2.5.17"
      }
    },
    "node_modules/vue2-animate": {
      "version": "2.1.4",
      "resolved": "https://registry.npmjs.org/vue2-animate/-/vue2-animate-2.1.4.tgz",
      "integrity": "sha512-tIFHLxLYXwti0E3rJ7OeIUxTl+uVC8t9SYlD4aQ+gfgcheSu9yDbXklBNRIFxBmfNWDVpKQLMvGLxRrrCn3alw=="
    }
  },
  "dependencies": {
    "vue": {
      "version": "2.6.14",
      "resolved": "https://registry.npmjs.org/vue/-/vue-2.6.14.tgz",
      "integrity": "sha512-x2284lgYvjOMj3Za7kqzRcUSxBboHqtgRE2zlos1qWaOye5yUmHn42LB1250NJBLRwEcdrB0JRwyPTEPhfQjiQ=="
    },
    "vue-burger-menu": {
      "version": "2.0.5",
      "resolved": "https://registry.npmjs.org/vue-burger-menu/-/vue-burger-menu-2.0.5.tgz",
      "integrity": "sha512-j0zM3gOTNv5rtIfVGIc0F0Ff5iUGQk7vLRBRkHLC2Jsv+4WL8BFqSBii+VzfIlqIQed7v0zqWueJLYxe9YwjmQ==",
      "requires": {
        "vue": "^2.5.17"
      }
    },
    "vue2-animate": {
      "version": "2.1.4",
      "resolved": "https://registry.npmjs.org/vue2-animate/-/vue2-animate-2.1.4.tgz",
      "integrity": "sha512-tIFHLxLYXwti0E3rJ7OeIUxTl+uVC8t9SYlD4aQ+gfgcheSu9yDbXklBNRIFxBmfNWDVpKQLMvGLxRrrCn3alw=="
    }
  }
}
